
Microsoft Visual Studio Solution File, Format Version 12.00
# Visual Studio Version 16
VisualStudioVersion = 16.0.29306.81
MinimumVisualStudioVersion = 10.0.40219.1
Project("{FAE04EC0-301F-11D3-BF4B-00C04F79EFBC}") = "TringoLib", "TringoLib\TringoLib.csproj", "{5E9E7113-8582-4DEF-9F7D-F4629F9012FB}"
EndProject
Global
	GlobalSection(SolutionConfigurationPlatforms) = preSolution
		Debug|Any CPU = Debug|Any CPU
		Release|Any CPU = Release|Any CPU
	EndGlobalSection
	GlobalSection(ProjectConfigurationPlatforms) = postSolution
		{5E9E7113-8582-4DEF-9F7D-F4629F9012FB}.Debug|Any CPU.ActiveCfg = Debug|Any CPU
		{5E9E7113-8582-4DEF-9F7D-F4629F9012FB}.Debug|Any CPU.Build.0 = Debug|Any CPU
		{5E9E7113-8582-4DEF-9F7D-F4629F9012FB}.Release|Any CPU.ActiveCfg = Release|Any CPU
		{5E9E7113-8582-4DEF-9F7D-F4629F9012FB}.Release|Any CPU.Build.0 = Release|Any CPU
	EndGlobalSection
	GlobalSection(SolutionProperties) = preSolution
		HideSolutionNode = FALSE
	EndGlobalSection
	GlobalSection(ExtensibilityGlobals) = postSolution
		SolutionGuid = {C40E6486-2730-4361-B0D7-F954C0BAFBA1}
	EndGlobalSection
EndGlobal
