
Microsoft Visual Studio Solution File, Format Version 12.00
# Visual Studio Version 16
VisualStudioVersion = 16.0.29306.81
MinimumVisualStudioVersion = 10.0.40219.1
Project("{FAE04EC0-301F-11D3-BF4B-00C04F79EFBC}") = "TringoModel", "TringoLib\TringoModel.csproj", "{5E9E7113-8582-4DEF-9F7D-F4629F9012FB}"
EndProject
Project("{FAE04EC0-301F-11D3-BF4B-00C04F79EFBC}") = "Tringo", "Tringo\Tringo.csproj", "{6FA00E2B-4F7C-46A7-B801-9F673866AC3A}"
EndProject
Project("{FAE04EC0-301F-11D3-BF4B-00C04F79EFBC}") = "DataLoading", "DataLoading\DataLoading.csproj", "{E8E0390E-99C2-4E09-A4D3-0DD02D89CB8B}"
EndProject
Project("{FAE04EC0-301F-11D3-BF4B-00C04F79EFBC}") = "FeaturesTestingApp", "FeaturesTestingApp\FeaturesTestingApp.csproj", "{86D947D7-F9DD-4DBF-AF33-2284924BD785}"
EndProject
Project("{FAE04EC0-301F-11D3-BF4B-00C04F79EFBC}") = "MovementsCreation", "MovementsCreation\MovementsCreation.csproj", "{554181B3-073B-4EB8-AD31-FF96230392A8}"
EndProject
Project("{FAE04EC0-301F-11D3-BF4B-00C04F79EFBC}") = "ViewingUtils", "ViewingUtils\ViewingUtils.csproj", "{0FA0394B-F38A-43EE-910A-4D4B2BA3FCED}"
EndProject
Global
	GlobalSection(SolutionConfigurationPlatforms) = preSolution
		Debug|Any CPU = Debug|Any CPU
		Release|Any CPU = Release|Any CPU
	EndGlobalSection
	GlobalSection(ProjectConfigurationPlatforms) = postSolution
		{5E9E7113-8582-4DEF-9F7D-F4629F9012FB}.Debug|Any CPU.ActiveCfg = Debug|Any CPU
		{5E9E7113-8582-4DEF-9F7D-F4629F9012FB}.Debug|Any CPU.Build.0 = Debug|Any CPU
		{5E9E7113-8582-4DEF-9F7D-F4629F9012FB}.Release|Any CPU.ActiveCfg = Release|Any CPU
		{5E9E7113-8582-4DEF-9F7D-F4629F9012FB}.Release|Any CPU.Build.0 = Release|Any CPU
		{6FA00E2B-4F7C-46A7-B801-9F673866AC3A}.Debug|Any CPU.ActiveCfg = Debug|Any CPU
		{6FA00E2B-4F7C-46A7-B801-9F673866AC3A}.Debug|Any CPU.Build.0 = Debug|Any CPU
		{6FA00E2B-4F7C-46A7-B801-9F673866AC3A}.Release|Any CPU.ActiveCfg = Release|Any CPU
		{6FA00E2B-4F7C-46A7-B801-9F673866AC3A}.Release|Any CPU.Build.0 = Release|Any CPU
		{E8E0390E-99C2-4E09-A4D3-0DD02D89CB8B}.Debug|Any CPU.ActiveCfg = Debug|Any CPU
		{E8E0390E-99C2-4E09-A4D3-0DD02D89CB8B}.Debug|Any CPU.Build.0 = Debug|Any CPU
		{E8E0390E-99C2-4E09-A4D3-0DD02D89CB8B}.Release|Any CPU.ActiveCfg = Release|Any CPU
		{E8E0390E-99C2-4E09-A4D3-0DD02D89CB8B}.Release|Any CPU.Build.0 = Release|Any CPU
		{86D947D7-F9DD-4DBF-AF33-2284924BD785}.Debug|Any CPU.ActiveCfg = Debug|Any CPU
		{86D947D7-F9DD-4DBF-AF33-2284924BD785}.Debug|Any CPU.Build.0 = Debug|Any CPU
		{86D947D7-F9DD-4DBF-AF33-2284924BD785}.Release|Any CPU.ActiveCfg = Release|Any CPU
		{86D947D7-F9DD-4DBF-AF33-2284924BD785}.Release|Any CPU.Build.0 = Release|Any CPU
		{554181B3-073B-4EB8-AD31-FF96230392A8}.Debug|Any CPU.ActiveCfg = Debug|Any CPU
		{554181B3-073B-4EB8-AD31-FF96230392A8}.Debug|Any CPU.Build.0 = Debug|Any CPU
		{554181B3-073B-4EB8-AD31-FF96230392A8}.Release|Any CPU.ActiveCfg = Release|Any CPU
		{554181B3-073B-4EB8-AD31-FF96230392A8}.Release|Any CPU.Build.0 = Release|Any CPU
		{0FA0394B-F38A-43EE-910A-4D4B2BA3FCED}.Debug|Any CPU.ActiveCfg = Debug|Any CPU
		{0FA0394B-F38A-43EE-910A-4D4B2BA3FCED}.Debug|Any CPU.Build.0 = Debug|Any CPU
		{0FA0394B-F38A-43EE-910A-4D4B2BA3FCED}.Release|Any CPU.ActiveCfg = Release|Any CPU
		{0FA0394B-F38A-43EE-910A-4D4B2BA3FCED}.Release|Any CPU.Build.0 = Release|Any CPU
	EndGlobalSection
	GlobalSection(SolutionProperties) = preSolution
		HideSolutionNode = FALSE
	EndGlobalSection
	GlobalSection(ExtensibilityGlobals) = postSolution
		SolutionGuid = {C40E6486-2730-4361-B0D7-F954C0BAFBA1}
	EndGlobalSection
EndGlobal
